// !$*UTF8*$!
{
	archiveVersion = 1;
	classes = {
	};
	objectVersion = 56;
	objects = {

/* Begin PBXBuildFile section */
		815B7716298172BD00C3FE26 /* AppDelegate.swift in Sources */ = {isa = PBXBuildFile; fileRef = 815B7715298172BD00C3FE26 /* AppDelegate.swift */; };
		815B7718298172BD00C3FE26 /* SceneDelegate.swift in Sources */ = {isa = PBXBuildFile; fileRef = 815B7717298172BD00C3FE26 /* SceneDelegate.swift */; };
		815B771A298172BD00C3FE26 /* ViewController.swift in Sources */ = {isa = PBXBuildFile; fileRef = 815B7719298172BD00C3FE26 /* ViewController.swift */; };
		815B771F298172BE00C3FE26 /* Assets.xcassets in Resources */ = {isa = PBXBuildFile; fileRef = 815B771E298172BE00C3FE26 /* Assets.xcassets */; };
		815B7722298172BE00C3FE26 /* LaunchScreen.storyboard in Resources */ = {isa = PBXBuildFile; fileRef = 815B7720298172BE00C3FE26 /* LaunchScreen.storyboard */; };
		815B772B298174FA00C3FE26 /* SceneModel.swift in Sources */ = {isa = PBXBuildFile; fileRef = 815B772A298174FA00C3FE26 /* SceneModel.swift */; };
		815B772D2981764B00C3FE26 /* SceneInteractor.swift in Sources */ = {isa = PBXBuildFile; fileRef = 815B772C2981764B00C3FE26 /* SceneInteractor.swift */; };
		815B772F2981773600C3FE26 /* ScenePresenter.swift in Sources */ = {isa = PBXBuildFile; fileRef = 815B772E2981773600C3FE26 /* ScenePresenter.swift */; };
		815B77312981781400C3FE26 /* SceneWorker.swift in Sources */ = {isa = PBXBuildFile; fileRef = 815B77302981781400C3FE26 /* SceneWorker.swift */; };
		815B773329817C8A00C3FE26 /* SceneRouter.swift in Sources */ = {isa = PBXBuildFile; fileRef = 815B773229817C8A00C3FE26 /* SceneRouter.swift */; };
/* End PBXBuildFile section */

/* Begin PBXFileReference section */
		815B7712298172BD00C3FE26 /* studyCleanSwift.app */ = {isa = PBXFileReference; explicitFileType = wrapper.application; includeInIndex = 0; path = studyCleanSwift.app; sourceTree = BUILT_PRODUCTS_DIR; };
		815B7715298172BD00C3FE26 /* AppDelegate.swift */ = {isa = PBXFileReference; lastKnownFileType = sourcecode.swift; path = AppDelegate.swift; sourceTree = "<group>"; };
		815B7717298172BD00C3FE26 /* SceneDelegate.swift */ = {isa = PBXFileReference; lastKnownFileType = sourcecode.swift; path = SceneDelegate.swift; sourceTree = "<group>"; };
		815B7719298172BD00C3FE26 /* ViewController.swift */ = {isa = PBXFileReference; lastKnownFileType = sourcecode.swift; path = ViewController.swift; sourceTree = "<group>"; };
		815B771E298172BE00C3FE26 /* Assets.xcassets */ = {isa = PBXFileReference; lastKnownFileType = folder.assetcatalog; path = Assets.xcassets; sourceTree = "<group>"; };
		815B7721298172BE00C3FE26 /* Base */ = {isa = PBXFileReference; lastKnownFileType = file.storyboard; name = Base; path = Base.lproj/LaunchScreen.storyboard; sourceTree = "<group>"; };
		815B7723298172BE00C3FE26 /* Info.plist */ = {isa = PBXFileReference; lastKnownFileType = text.plist.xml; path = Info.plist; sourceTree = "<group>"; };
		815B772A298174FA00C3FE26 /* SceneModel.swift */ = {isa = PBXFileReference; lastKnownFileType = sourcecode.swift; path = SceneModel.swift; sourceTree = "<group>"; };
		815B772C2981764B00C3FE26 /* SceneInteractor.swift */ = {isa = PBXFileReference; lastKnownFileType = sourcecode.swift; path = SceneInteractor.swift; sourceTree = "<group>"; };
		815B772E2981773600C3FE26 /* ScenePresenter.swift */ = {isa = PBXFileReference; lastKnownFileType = sourcecode.swift; path = ScenePresenter.swift; sourceTree = "<group>"; };
		815B77302981781400C3FE26 /* SceneWorker.swift */ = {isa = PBXFileReference; lastKnownFileType = sourcecode.swift; path = SceneWorker.swift; sourceTree = "<group>"; };
		815B773229817C8A00C3FE26 /* SceneRouter.swift */ = {isa = PBXFileReference; lastKnownFileType = sourcecode.swift; path = SceneRouter.swift; sourceTree = "<group>"; };
/* End PBXFileReference section */

/* Begin PBXFrameworksBuildPhase section */
		815B770F298172BD00C3FE26 /* Frameworks */ = {
			isa = PBXFrameworksBuildPhase;
			buildActionMask = 2147483647;
			files = (
			);
			runOnlyForDeploymentPostprocessing = 0;
		};
/* End PBXFrameworksBuildPhase section */

/* Begin PBXGroup section */
		815B7709298172BD00C3FE26 = {
			isa = PBXGroup;
			children = (
				815B7714298172BD00C3FE26 /* studyCleanSwift */,
				815B7713298172BD00C3FE26 /* Products */,
			);
			sourceTree = "<group>";
		};
		815B7713298172BD00C3FE26 /* Products */ = {
			isa = PBXGroup;
			children = (
				815B7712298172BD00C3FE26 /* studyCleanSwift.app */,
			);
			name = Products;
			sourceTree = "<group>";
		};
		815B7714298172BD00C3FE26 /* studyCleanSwift */ = {
			isa = PBXGroup;
			children = (
				815B77292981731E00C3FE26 /* CleanSwift */,
				815B7715298172BD00C3FE26 /* AppDelegate.swift */,
				815B7717298172BD00C3FE26 /* SceneDelegate.swift */,
				815B771E298172BE00C3FE26 /* Assets.xcassets */,
				815B7720298172BE00C3FE26 /* LaunchScreen.storyboard */,
				815B7723298172BE00C3FE26 /* Info.plist */,
			);
			path = studyCleanSwift;
			sourceTree = "<group>";
		};
		815B77292981731E00C3FE26 /* CleanSwift */ = {
			isa = PBXGroup;
			children = (
				815B7719298172BD00C3FE26 /* ViewController.swift */,
				815B772A298174FA00C3FE26 /* SceneModel.swift */,
				815B772C2981764B00C3FE26 /* SceneInteractor.swift */,
				815B772E2981773600C3FE26 /* ScenePresenter.swift */,
				815B77302981781400C3FE26 /* SceneWorker.swift */,
				815B773229817C8A00C3FE26 /* SceneRouter.swift */,
			);
			path = CleanSwift;
			sourceTree = "<group>";
		};
/* End PBXGroup section */

/* Begin PBXNativeTarget section */
		815B7711298172BD00C3FE26 /* studyCleanSwift */ = {
			isa = PBXNativeTarget;
			buildConfigurationList = 815B7726298172BE00C3FE26 /* Build configuration list for PBXNativeTarget "studyCleanSwift" */;
			buildPhases = (
				815B770E298172BD00C3FE26 /* Sources */,
				815B770F298172BD00C3FE26 /* Frameworks */,
				815B7710298172BD00C3FE26 /* Resources */,
			);
			buildRules = (
			);
			dependencies = (
			);
			name = studyCleanSwift;
			productName = studyCleanSwift;
			productReference = 815B7712298172BD00C3FE26 /* studyCleanSwift.app */;
			productType = "com.apple.product-type.application";
		};
/* End PBXNativeTarget section */

/* Begin PBXProject section */
		815B770A298172BD00C3FE26 /* Project object */ = {
			isa = PBXProject;
			attributes = {
				BuildIndependentTargetsInParallel = 1;
				LastSwiftUpdateCheck = 1420;
				LastUpgradeCheck = 1420;
				TargetAttributes = {
					815B7711298172BD00C3FE26 = {
						CreatedOnToolsVersion = 14.2;
					};
				};
			};
			buildConfigurationList = 815B770D298172BD00C3FE26 /* Build configuration list for PBXProject "studyCleanSwift" */;
			compatibilityVersion = "Xcode 14.0";
			developmentRegion = en;
			hasScannedForEncodings = 0;
			knownRegions = (
				en,
				Base,
			);
			mainGroup = 815B7709298172BD00C3FE26;
			productRefGroup = 815B7713298172BD00C3FE26 /* Products */;
			projectDirPath = "";
			projectRoot = "";
			targets = (
				815B7711298172BD00C3FE26 /* studyCleanSwift */,
			);
		};
/* End PBXProject section */

/* Begin PBXResourcesBuildPhase section */
		815B7710298172BD00C3FE26 /* Resources */ = {
			isa = PBXResourcesBuildPhase;
			buildActionMask = 2147483647;
			files = (
				815B7722298172BE00C3FE26 /* LaunchScreen.storyboard in Resources */,
				815B771F298172BE00C3FE26 /* Assets.xcassets in Resources */,
			);
			runOnlyForDeploymentPostprocessing = 0;
		};
/* End PBXResourcesBuildPhase section */

/* Begin PBXSourcesBuildPhase section */
		815B770E298172BD00C3FE26 /* Sources */ = {
			isa = PBXSourcesBuildPhase;
			buildActionMask = 2147483647;
			files = (
				815B771A298172BD00C3FE26 /* ViewController.swift in Sources */,
				815B77312981781400C3FE26 /* SceneWorker.swift in Sources */,
				815B772F2981773600C3FE26 /* ScenePresenter.swift in Sources */,
				815B773329817C8A00C3FE26 /* SceneRouter.swift in Sources */,
				815B7716298172BD00C3FE26 /* AppDelegate.swift in Sources */,
				815B772B298174FA00C3FE26 /* SceneModel.swift in Sources */,
				815B7718298172BD00C3FE26 /* SceneDelegate.swift in Sources */,
				815B772D2981764B00C3FE26 /* SceneInteractor.swift in Sources */,
			);
			runOnlyForDeploymentPostprocessing = 0;
		};
/* End PBXSourcesBuildPhase section */

/* Begin PBXVariantGroup section */
		815B7720298172BE00C3FE26 /* LaunchScreen.storyboard */ = {
			isa = PBXVariantGroup;
			children = (
				815B7721298172BE00C3FE26 /* Base */,
			);
			name = LaunchScreen.storyboard;
			sourceTree = "<group>";
		};
/* End PBXVariantGroup section */

/* Begin XCBuildConfiguration section */
		815B7724298172BE00C3FE26 /* Debug */ = {
			isa = XCBuildConfiguration;
			buildSettings = {
				ALWAYS_SEARCH_USER_PATHS = NO;
				CLANG_ANALYZER_NONNULL = YES;
				CLANG_ANALYZER_NUMBER_OBJECT_CONVERSION = YES_AGGRESSIVE;
				CLANG_CXX_LANGUAGE_STANDARD = "gnu++20";
				CLANG_ENABLE_MODULES = YES;
				CLANG_ENABLE_OBJC_ARC = YES;
				CLANG_ENABLE_OBJC_WEAK = YES;
				CLANG_WARN_BLOCK_CAPTURE_AUTORELEASING = YES;
				CLANG_WARN_BOOL_CONVERSION = YES;
				CLANG_WARN_COMMA = YES;
				CLANG_WARN_CONSTANT_CONVERSION = YES;
				CLANG_WARN_DEPRECATED_OBJC_IMPLEMENTATIONS = YES;
				CLANG_WARN_DIRECT_OBJC_ISA_USAGE = YES_ERROR;
				CLANG_WARN_DOCUMENTATION_COMMENTS = YES;
				CLANG_WARN_EMPTY_BODY = YES;
				CLANG_WARN_ENUM_CONVERSION = YES;
				CLANG_WARN_INFINITE_RECURSION = YES;
				CLANG_WARN_INT_CONVERSION = YES;
				CLANG_WARN_NON_LITERAL_NULL_CONVERSION = YES;
				CLANG_WARN_OBJC_IMPLICIT_RETAIN_SELF = YES;
				CLANG_WARN_OBJC_LITERAL_CONVERSION = YES;
				CLANG_WARN_OBJC_ROOT_CLASS = YES_ERROR;
				CLANG_WARN_QUOTED_INCLUDE_IN_FRAMEWORK_HEADER = YES;
				CLANG_WARN_RANGE_LOOP_ANALYSIS = YES;
				CLANG_WARN_STRICT_PROTOTYPES = YES;
				CLANG_WARN_SUSPICIOUS_MOVE = YES;
				CLANG_WARN_UNGUARDED_AVAILABILITY = YES_AGGRESSIVE;
				CLANG_WARN_UNREACHABLE_CODE = YES;
				CLANG_WARN__DUPLICATE_METHOD_MATCH = YES;
				COPY_PHASE_STRIP = NO;
				DEBUG_INFORMATION_FORMAT = dwarf;
				ENABLE_STRICT_OBJC_MSGSEND = YES;
				ENABLE_TESTABILITY = YES;
				GCC_C_LANGUAGE_STANDARD = gnu11;
				GCC_DYNAMIC_NO_PIC = NO;
				GCC_NO_COMMON_BLOCKS = YES;
				GCC_OPTIMIZATION_LEVEL = 0;
				GCC_PREPROCESSOR_DEFINITIONS = (
					"DEBUG=1",
					"$(inherited)",
				);
				GCC_WARN_64_TO_32_BIT_CONVERSION = YES;
				GCC_WARN_ABOUT_RETURN_TYPE = YES_ERROR;
				GCC_WARN_UNDECLARED_SELECTOR = YES;
				GCC_WARN_UNINITIALIZED_AUTOS = YES_AGGRESSIVE;
				GCC_WARN_UNUSED_FUNCTION = YES;
				GCC_WARN_UNUSED_VARIABLE = YES;
				IPHONEOS_DEPLOYMENT_TARGET = 16.2;
				MTL_ENABLE_DEBUG_INFO = INCLUDE_SOURCE;
				MTL_FAST_MATH = YES;
				ONLY_ACTIVE_ARCH = YES;
				SDKROOT = iphoneos;
				SWIFT_ACTIVE_COMPILATION_CONDITIONS = DEBUG;
				SWIFT_OPTIMIZATION_LEVEL = "-Onone";
			};
			name = Debug;
		};
		815B7725298172BE00C3FE26 /* Release */ = {
			isa = XCBuildConfiguration;
			buildSettings = {
				ALWAYS_SEARCH_USER_PATHS = NO;
				CLANG_ANALYZER_NONNULL = YES;
				CLANG_ANALYZER_NUMBER_OBJECT_CONVERSION = YES_AGGRESSIVE;
				CLANG_CXX_LANGUAGE_STANDARD = "gnu++20";
				CLANG_ENABLE_MODULES = YES;
				CLANG_ENABLE_OBJC_ARC = YES;
				CLANG_ENABLE_OBJC_WEAK = YES;
				CLANG_WARN_BLOCK_CAPTURE_AUTORELEASING = YES;
				CLANG_WARN_BOOL_CONVERSION = YES;
				CLANG_WARN_COMMA = YES;
				CLANG_WARN_CONSTANT_CONVERSION = YES;
				CLANG_WARN_DEPRECATED_OBJC_IMPLEMENTATIONS = YES;
				CLANG_WARN_DIRECT_OBJC_ISA_USAGE = YES_ERROR;
				CLANG_WARN_DOCUMENTATION_COMMENTS = YES;
				CLANG_WARN_EMPTY_BODY = YES;
				CLANG_WARN_ENUM_CONVERSION = YES;
				CLANG_WARN_INFINITE_RECURSION = YES;
				CLANG_WARN_INT_CONVERSION = YES;
				CLANG_WARN_NON_LITERAL_NULL_CONVERSION = YES;
				CLANG_WARN_OBJC_IMPLICIT_RETAIN_SELF = YES;
				CLANG_WARN_OBJC_LITERAL_CONVERSION = YES;
				CLANG_WARN_OBJC_ROOT_CLASS = YES_ERROR;
				CLANG_WARN_QUOTED_INCLUDE_IN_FRAMEWORK_HEADER = YES;
				CLANG_WARN_RANGE_LOOP_ANALYSIS = YES;
				CLANG_WARN_STRICT_PROTOTYPES = YES;
				CLANG_WARN_SUSPICIOUS_MOVE = YES;
				CLANG_WARN_UNGUARDED_AVAILABILITY = YES_AGGRESSIVE;
				CLANG_WARN_UNREACHABLE_CODE = YES;
				CLANG_WARN__DUPLICATE_METHOD_MATCH = YES;
				COPY_PHASE_STRIP = NO;
				DEBUG_INFORMATION_FORMAT = "dwarf-with-dsym";
				ENABLE_NS_ASSERTIONS = NO;
				ENABLE_STRICT_OBJC_MSGSEND = YES;
				GCC_C_LANGUAGE_STANDARD = gnu11;
				GCC_NO_COMMON_BLOCKS = YES;
				GCC_WARN_64_TO_32_BIT_CONVERSION = YES;
				GCC_WARN_ABOUT_RETURN_TYPE = YES_ERROR;
				GCC_WARN_UNDECLARED_SELECTOR = YES;
				GCC_WARN_UNINITIALIZED_AUTOS = YES_AGGRESSIVE;
				GCC_WARN_UNUSED_FUNCTION = YES;
				GCC_WARN_UNUSED_VARIABLE = YES;
				IPHONEOS_DEPLOYMENT_TARGET = 16.2;
				MTL_ENABLE_DEBUG_INFO = NO;
				MTL_FAST_MATH = YES;
				SDKROOT = iphoneos;
				SWIFT_COMPILATION_MODE = wholemodule;
				SWIFT_OPTIMIZATION_LEVEL = "-O";
				VALIDATE_PRODUCT = YES;
			};
			name = Release;
		};
		815B7727298172BE00C3FE26 /* Debug */ = {
			isa = XCBuildConfiguration;
			buildSettings = {
				ASSETCATALOG_COMPILER_APPICON_NAME = AppIcon;
				ASSETCATALOG_COMPILER_GLOBAL_ACCENT_COLOR_NAME = AccentColor;
				CODE_SIGN_STYLE = Automatic;
				CURRENT_PROJECT_VERSION = 1;
				GENERATE_INFOPLIST_FILE = YES;
				INFOPLIST_FILE = studyCleanSwift/Info.plist;
				INFOPLIST_KEY_UIApplicationSupportsIndirectInputEvents = YES;
				INFOPLIST_KEY_UILaunchStoryboardName = LaunchScreen;
				INFOPLIST_KEY_UISupportedInterfaceOrientations_iPad = "UIInterfaceOrientationPortrait UIInterfaceOrientationPortraitUpsideDown UIInterfaceOrientationLandscapeLeft UIInterfaceOrientationLandscapeRight";
				INFOPLIST_KEY_UISupportedInterfaceOrientations_iPhone = "UIInterfaceOrientationPortrait UIInterfaceOrientationLandscapeLeft UIInterfaceOrientationLandscapeRight";
				LD_RUNPATH_SEARCH_PATHS = (
					"$(inherited)",
					"@executable_path/Frameworks",
				);
				MARKETING_VERSION = 1.0;
				PRODUCT_BUNDLE_IDENTIFIER = br.lucahummel.studyCleanSwift;
				PRODUCT_NAME = "$(TARGET_NAME)";
				SWIFT_EMIT_LOC_STRINGS = YES;
				SWIFT_VERSION = 5.0;
				TARGETED_DEVICE_FAMILY = "1,2";
			};
			name = Debug;
		};
		815B7728298172BE00C3FE26 /* Release */ = {
			isa = XCBuildConfiguration;
			buildSettings = {
				ASSETCATALOG_COMPILER_APPICON_NAME = AppIcon;
				ASSETCATALOG_COMPILER_GLOBAL_ACCENT_COLOR_NAME = AccentColor;
				CODE_SIGN_STYLE = Automatic;
				CURRENT_PROJECT_VERSION = 1;
				GENERATE_INFOPLIST_FILE = YES;
				INFOPLIST_FILE = studyCleanSwift/Info.plist;
				INFOPLIST_KEY_UIApplicationSupportsIndirectInputEvents = YES;
				INFOPLIST_KEY_UILaunchStoryboardName = LaunchScreen;
				INFOPLIST_KEY_UISupportedInterfaceOrientations_iPad = "UIInterfaceOrientationPortrait UIInterfaceOrientationPortraitUpsideDown UIInterfaceOrientationLandscapeLeft UIInterfaceOrientationLandscapeRight";
				INFOPLIST_KEY_UISupportedInterfaceOrientations_iPhone = "UIInterfaceOrientationPortrait UIInterfaceOrientationLandscapeLeft UIInterfaceOrientationLandscapeRight";
				LD_RUNPATH_SEARCH_PATHS = (
					"$(inherited)",
					"@executable_path/Frameworks",
				);
				MARKETING_VERSION = 1.0;
				PRODUCT_BUNDLE_IDENTIFIER = br.lucahummel.studyCleanSwift;
				PRODUCT_NAME = "$(TARGET_NAME)";
				SWIFT_EMIT_LOC_STRINGS = YES;
				SWIFT_VERSION = 5.0;
				TARGETED_DEVICE_FAMILY = "1,2";
			};
			name = Release;
		};
/* End XCBuildConfiguration section */

/* Begin XCConfigurationList section */
		815B770D298172BD00C3FE26 /* Build configuration list for PBXProject "studyCleanSwift" */ = {
			isa = XCConfigurationList;
			buildConfigurations = (
				815B7724298172BE00C3FE26 /* Debug */,
				815B7725298172BE00C3FE26 /* Release */,
			);
			defaultConfigurationIsVisible = 0;
			defaultConfigurationName = Release;
		};
		815B7726298172BE00C3FE26 /* Build configuration list for PBXNativeTarget "studyCleanSwift" */ = {
			isa = XCConfigurationList;
			buildConfigurations = (
				815B7727298172BE00C3FE26 /* Debug */,
				815B7728298172BE00C3FE26 /* Release */,
			);
			defaultConfigurationIsVisible = 0;
			defaultConfigurationName = Release;
		};
/* End XCConfigurationList section */
	};
	rootObject = 815B770A298172BD00C3FE26 /* Project object */;
}
